<?xml version="1.0" encoding="utf-8"?>
<Project ToolsVersion="4.0" xmlns="http://schemas.microsoft.com/developer/msbuild/2003">
  <ItemGroup>
    <Filter Include="Source Files">
      <UniqueIdentifier>{4FC737F1-C7A5-4376-A066-2A32D752A2FF}</UniqueIdentifier>
      <Extensions>cpp;c;cc;cxx;def;odl;idl;hpj;bat;asm;asmx</Extensions>
    </Filter>
    <Filter Include="Header Files">
      <UniqueIdentifier>{93995380-89BD-4b04-88EB-625FBE52EBFB}</UniqueIdentifier>
      <Extensions>h;hpp;hxx;hm;inl;inc;xsd</Extensions>
    </Filter>
    <Filter Include="OpenCL Files">
      <UniqueIdentifier>{D011BB44-1BF7-4113-997B-A081035B40D8}</UniqueIdentifier>
      <Extensions>cl</Extensions>
    </Filter>
    <Filter Include="Lua">
      <UniqueIdentifier>{b95e0a08-0f1a-401c-b8e3-296c7c445dfd}</UniqueIdentifier>
    </Filter>
    <Filter Include="Filter">
      <UniqueIdentifier>{3bbb8169-9ee5-4e83-9452-42b6327aa833}</UniqueIdentifier>
    </Filter>
  </ItemGroup>
  <ItemGroup>
    <ClCompile Include="src\AlignedAllocator.cpp">
      <Filter>Source Files</Filter>
    </ClCompile>
    <ClCompile Include="src\GetHTTP.cpp">
      <Filter>Source Files</Filter>
    </ClCompile>
    <ClCompile Include="src\main.cpp">
      <Filter>Source Files</Filter>
    </ClCompile>
    <ClCompile Include="src\OpenCLInvertexIndex.cpp">
      <Filter>Source Files</Filter>
    </ClCompile>
    <ClCompile Include="src\OpenCLProgram.cpp">
      <Filter>Source Files</Filter>
    </ClCompile>
    <ClCompile Include="src\ParserHTML.cpp">
      <Filter>Source Files</Filter>
    </ClCompile>
    <ClCompile Include="src\StringUtils.cpp">
      <Filter>Source Files</Filter>
    </ClCompile>
    <ClCompile Include="src\Utf8LowerUpper.cpp">
      <Filter>Source Files</Filter>
    </ClCompile>
    <ClCompile Include="src\VMlua.cpp">
      <Filter>Source Files</Filter>
    </ClCompile>
  </ItemGroup>
  <ItemGroup>
    <ClInclude Include="include\AlignedAllocator.h">
      <Filter>Header Files</Filter>
    </ClInclude>
    <ClInclude Include="include\Config.h">
      <Filter>Header Files</Filter>
    </ClInclude>
    <ClInclude Include="include\GCPointer.h">
      <Filter>Header Files</Filter>
    </ClInclude>
    <ClInclude Include="include\GetHTTP.h">
      <Filter>Header Files</Filter>
    </ClInclude>
    <ClInclude Include="include\InvertedIndex.h">
      <Filter>Header Files</Filter>
    </ClInclude>
    <ClInclude Include="include\OpenCLBuffer.h">
      <Filter>Header Files</Filter>
    </ClInclude>
    <ClInclude Include="include\OpenCLContext.h">
      <Filter>Header Files</Filter>
    </ClInclude>
    <ClInclude Include="include\OpenCLErrors.h">
      <Filter>Header Files</Filter>
    </ClInclude>
    <ClInclude Include="include\OpenCLInfo.h">
      <Filter>Header Files</Filter>
    </ClInclude>
    <ClInclude Include="include\OpenCLInvertexIndex.h">
      <Filter>Header Files</Filter>
    </ClInclude>
    <ClInclude Include="include\OpenCLKernel.h">
      <Filter>Header Files</Filter>
    </ClInclude>
    <ClInclude Include="include\OpenCLProgram.h">
      <Filter>Header Files</Filter>
    </ClInclude>
    <ClInclude Include="include\OpenCLQueue.h">
      <Filter>Header Files</Filter>
    </ClInclude>
    <ClInclude Include="include\ParserHTML.h">
      <Filter>Header Files</Filter>
    </ClInclude>
    <ClInclude Include="include\SiteMapping.h">
      <Filter>Header Files</Filter>
    </ClInclude>
    <ClInclude Include="include\StringUtils.h">
      <Filter>Header Files</Filter>
    </ClInclude>
    <ClInclude Include="include\WebSite.h">
      <Filter>Header Files</Filter>
    </ClInclude>
    <ClInclude Include="include\VMLua.h">
      <Filter>Header Files</Filter>
    </ClInclude>
  </ItemGroup>
  <ItemGroup>
    <None Include="script\debug.cl">
      <Filter>OpenCL Files</Filter>
    </None>
    <None Include="script\mapping_site.cl">
      <Filter>OpenCL Files</Filter>
    </None>
    <None Include="script\map_row.cl">
      <Filter>OpenCL Files</Filter>
    </None>
    <None Include="script\utf8_utils.cl">
      <Filter>OpenCL Files</Filter>
    </None>
    <None Include="script\word_utils.cl">
      <Filter>OpenCL Files</Filter>
    </None>
    <None Include="script\inverted_index_words.cl">
      <Filter>OpenCL Files</Filter>
    </None>
    <None Include="script\inverted_index_pages.cl">
      <Filter>OpenCL Files</Filter>
    </None>
    <None Include="lua-script\treccani.lua">
      <Filter>Lua</Filter>
    </None>
    <None Include="words.filter">
      <Filter>Filter</Filter>
    </None>
  </ItemGroup>
</Project>